
Microsoft Visual Studio Solution File, Format Version 12.00
# Visual Studio Version 17
VisualStudioVersion = 17.0.32112.339
MinimumVisualStudioVersion = 10.0.40219.1
Project("{8BC9CEB8-8B4A-11D0-8D11-00A0C91BC942}") = "nginx", "nginx\nginx.vcxproj", "{4EA63B49-30A7-428C-9A02-02AFF9E04CBD}"
EndProject
Global
	GlobalSection(SolutionConfigurationPlatforms) = preSolution
		Debug|ARM = Debug|ARM
		Debug|ARM64 = Debug|ARM64
		Debug|x64 = Debug|x64
		Debug|x86 = Debug|x86
		Release|ARM = Release|ARM
		Release|ARM64 = Release|ARM64
		Release|x64 = Release|x64
		Release|x86 = Release|x86
	EndGlobalSection
	GlobalSection(ProjectConfigurationPlatforms) = postSolution
		{4EA63B49-30A7-428C-9A02-02AFF9E04CBD}.Debug|ARM.ActiveCfg = Debug|ARM
		{4EA63B49-30A7-428C-9A02-02AFF9E04CBD}.Debug|ARM.Build.0 = Debug|ARM
		{4EA63B49-30A7-428C-9A02-02AFF9E04CBD}.Debug|ARM.Deploy.0 = Debug|ARM
		{4EA63B49-30A7-428C-9A02-02AFF9E04CBD}.Debug|ARM64.ActiveCfg = Debug|ARM64
		{4EA63B49-30A7-428C-9A02-02AFF9E04CBD}.Debug|ARM64.Build.0 = Debug|ARM64
		{4EA63B49-30A7-428C-9A02-02AFF9E04CBD}.Debug|ARM64.Deploy.0 = Debug|ARM64
		{4EA63B49-30A7-428C-9A02-02AFF9E04CBD}.Debug|x64.ActiveCfg = Debug|x64
		{4EA63B49-30A7-428C-9A02-02AFF9E04CBD}.Debug|x64.Build.0 = Debug|x64
		{4EA63B49-30A7-428C-9A02-02AFF9E04CBD}.Debug|x64.Deploy.0 = Debug|x64
		{4EA63B49-30A7-428C-9A02-02AFF9E04CBD}.Debug|x86.ActiveCfg = Debug|x86
		{4EA63B49-30A7-428C-9A02-02AFF9E04CBD}.Debug|x86.Build.0 = Debug|x86
		{4EA63B49-30A7-428C-9A02-02AFF9E04CBD}.Debug|x86.Deploy.0 = Debug|x86
		{4EA63B49-30A7-428C-9A02-02AFF9E04CBD}.Release|ARM.ActiveCfg = Release|ARM
		{4EA63B49-30A7-428C-9A02-02AFF9E04CBD}.Release|ARM.Build.0 = Release|ARM
		{4EA63B49-30A7-428C-9A02-02AFF9E04CBD}.Release|ARM.Deploy.0 = Release|ARM
		{4EA63B49-30A7-428C-9A02-02AFF9E04CBD}.Release|ARM64.ActiveCfg = Release|ARM64
		{4EA63B49-30A7-428C-9A02-02AFF9E04CBD}.Release|ARM64.Build.0 = Release|ARM64
		{4EA63B49-30A7-428C-9A02-02AFF9E04CBD}.Release|ARM64.Deploy.0 = Release|ARM64
		{4EA63B49-30A7-428C-9A02-02AFF9E04CBD}.Release|x64.ActiveCfg = Release|x64
		{4EA63B49-30A7-428C-9A02-02AFF9E04CBD}.Release|x64.Build.0 = Release|x64
		{4EA63B49-30A7-428C-9A02-02AFF9E04CBD}.Release|x64.Deploy.0 = Release|x64
		{4EA63B49-30A7-428C-9A02-02AFF9E04CBD}.Release|x86.ActiveCfg = Release|x86
		{4EA63B49-30A7-428C-9A02-02AFF9E04CBD}.Release|x86.Build.0 = Release|x86
		{4EA63B49-30A7-428C-9A02-02AFF9E04CBD}.Release|x86.Deploy.0 = Release|x86
	EndGlobalSection
	GlobalSection(SolutionProperties) = preSolution
		HideSolutionNode = FALSE
	EndGlobalSection
	GlobalSection(ExtensibilityGlobals) = postSolution
		SolutionGuid = {8CC3D23B-D2F8-4023-A44C-17DFC7045168}
	EndGlobalSection
EndGlobal
